
Microsoft Visual Studio Solution File, Format Version 11.00
# Visual Studio 2010
Project("{FAE04EC0-301F-11D3-BF4B-00C04F79EFBC}") = "Odey.Excel", "Odey.Excel\Odey.Excel.csproj", "{6360204E-D66D-444E-96A6-AEAAF147BBEB}"
EndProject
Project("{FAE04EC0-301F-11D3-BF4B-00C04F79EFBC}") = "LiquidityReport", "LiquidityReport\LiquidityReport.csproj", "{BA3A843D-0FEB-406C-BB09-C9FC040ECF70}"
EndProject
Global
	GlobalSection(SolutionConfigurationPlatforms) = preSolution
		Debug|Any CPU = Debug|Any CPU
		Release|Any CPU = Release|Any CPU
	EndGlobalSection
	GlobalSection(ProjectConfigurationPlatforms) = postSolution
		{6360204E-D66D-444E-96A6-AEAAF147BBEB}.Debug|Any CPU.ActiveCfg = Debug|Any CPU
		{6360204E-D66D-444E-96A6-AEAAF147BBEB}.Debug|Any CPU.Build.0 = Debug|Any CPU
		{6360204E-D66D-444E-96A6-AEAAF147BBEB}.Release|Any CPU.ActiveCfg = Release|Any CPU
		{6360204E-D66D-444E-96A6-AEAAF147BBEB}.Release|Any CPU.Build.0 = Release|Any CPU
		{BA3A843D-0FEB-406C-BB09-C9FC040ECF70}.Debug|Any CPU.ActiveCfg = Debug|Any CPU
		{BA3A843D-0FEB-406C-BB09-C9FC040ECF70}.Debug|Any CPU.Build.0 = Debug|Any CPU
		{BA3A843D-0FEB-406C-BB09-C9FC040ECF70}.Release|Any CPU.ActiveCfg = Release|Any CPU
		{BA3A843D-0FEB-406C-BB09-C9FC040ECF70}.Release|Any CPU.Build.0 = Release|Any CPU
	EndGlobalSection
	GlobalSection(SolutionProperties) = preSolution
		HideSolutionNode = FALSE
	EndGlobalSection
	GlobalSection(ExtensibilityGlobals) = postSolution
		VisualSVNWorkingCopyRoot = .
	EndGlobalSection
EndGlobal
